// !$*UTF8*$!
{
	archiveVersion = 1;
	classes = {
	};
	objectVersion = 50;
	objects = {

/* Begin PBXBuildFile section */
		ADD72A1F26C2370000D19482 /* AppDelegate.swift in Sources */ = {isa = PBXBuildFile; fileRef = ADD72A1E26C2370000D19482 /* AppDelegate.swift */; };
		ADD72A2126C2370000D19482 /* SceneDelegate.swift in Sources */ = {isa = PBXBuildFile; fileRef = ADD72A2026C2370000D19482 /* SceneDelegate.swift */; };
		ADD72A2326C2370000D19482 /* ViewController.swift in Sources */ = {isa = PBXBuildFile; fileRef = ADD72A2226C2370000D19482 /* ViewController.swift */; };
		ADD72A2626C2370000D19482 /* Main.storyboard in Resources */ = {isa = PBXBuildFile; fileRef = ADD72A2426C2370000D19482 /* Main.storyboard */; };
		ADD72A2826C2370400D19482 /* Assets.xcassets in Resources */ = {isa = PBXBuildFile; fileRef = ADD72A2726C2370400D19482 /* Assets.xcassets */; };
		ADD72A2B26C2370400D19482 /* LaunchScreen.storyboard in Resources */ = {isa = PBXBuildFile; fileRef = ADD72A2926C2370400D19482 /* LaunchScreen.storyboard */; };
		ADD72A3626C2370500D19482 /* TextFieldTesterTests.swift in Sources */ = {isa = PBXBuildFile; fileRef = ADD72A3526C2370500D19482 /* TextFieldTesterTests.swift */; };
		ADD72A4126C2370500D19482 /* TextFieldTesterUITests.swift in Sources */ = {isa = PBXBuildFile; fileRef = ADD72A4026C2370500D19482 /* TextFieldTesterUITests.swift */; };
/* End PBXBuildFile section */

/* Begin PBXContainerItemProxy section */
		ADD72A3226C2370500D19482 /* PBXContainerItemProxy */ = {
			isa = PBXContainerItemProxy;
			containerPortal = ADD72A1326C2370000D19482 /* Project object */;
			proxyType = 1;
			remoteGlobalIDString = ADD72A1A26C2370000D19482;
			remoteInfo = TextFieldTester;
		};
		ADD72A3D26C2370500D19482 /* PBXContainerItemProxy */ = {
			isa = PBXContainerItemProxy;
			containerPortal = ADD72A1326C2370000D19482 /* Project object */;
			proxyType = 1;
			remoteGlobalIDString = ADD72A1A26C2370000D19482;
			remoteInfo = TextFieldTester;
		};
/* End PBXContainerItemProxy section */

/* Begin PBXFileReference section */
		ADD72A1B26C2370000D19482 /* TextFieldTester.app */ = {isa = PBXFileReference; explicitFileType = wrapper.application; includeInIndex = 0; path = TextFieldTester.app; sourceTree = BUILT_PRODUCTS_DIR; };
		ADD72A1E26C2370000D19482 /* AppDelegate.swift */ = {isa = PBXFileReference; lastKnownFileType = sourcecode.swift; path = AppDelegate.swift; sourceTree = "<group>"; };
		ADD72A2026C2370000D19482 /* SceneDelegate.swift */ = {isa = PBXFileReference; lastKnownFileType = sourcecode.swift; path = SceneDelegate.swift; sourceTree = "<group>"; };
		ADD72A2226C2370000D19482 /* ViewController.swift */ = {isa = PBXFileReference; lastKnownFileType = sourcecode.swift; path = ViewController.swift; sourceTree = "<group>"; };
		ADD72A2526C2370000D19482 /* Base */ = {isa = PBXFileReference; lastKnownFileType = file.storyboard; name = Base; path = Base.lproj/Main.storyboard; sourceTree = "<group>"; };
		ADD72A2726C2370400D19482 /* Assets.xcassets */ = {isa = PBXFileReference; lastKnownFileType = folder.assetcatalog; path = Assets.xcassets; sourceTree = "<group>"; };
		ADD72A2A26C2370400D19482 /* Base */ = {isa = PBXFileReference; lastKnownFileType = file.storyboard; name = Base; path = Base.lproj/LaunchScreen.storyboard; sourceTree = "<group>"; };
		ADD72A2C26C2370400D19482 /* Info.plist */ = {isa = PBXFileReference; lastKnownFileType = text.plist.xml; path = Info.plist; sourceTree = "<group>"; };
		ADD72A3126C2370500D19482 /* TextFieldTesterTests.xctest */ = {isa = PBXFileReference; explicitFileType = wrapper.cfbundle; includeInIndex = 0; path = TextFieldTesterTests.xctest; sourceTree = BUILT_PRODUCTS_DIR; };
		ADD72A3526C2370500D19482 /* TextFieldTesterTests.swift */ = {isa = PBXFileReference; lastKnownFileType = sourcecode.swift; path = TextFieldTesterTests.swift; sourceTree = "<group>"; };
		ADD72A3726C2370500D19482 /* Info.plist */ = {isa = PBXFileReference; lastKnownFileType = text.plist.xml; path = Info.plist; sourceTree = "<group>"; };
		ADD72A3C26C2370500D19482 /* TextFieldTesterUITests.xctest */ = {isa = PBXFileReference; explicitFileType = wrapper.cfbundle; includeInIndex = 0; path = TextFieldTesterUITests.xctest; sourceTree = BUILT_PRODUCTS_DIR; };
		ADD72A4026C2370500D19482 /* TextFieldTesterUITests.swift */ = {isa = PBXFileReference; lastKnownFileType = sourcecode.swift; path = TextFieldTesterUITests.swift; sourceTree = "<group>"; };
		ADD72A4226C2370500D19482 /* Info.plist */ = {isa = PBXFileReference; lastKnownFileType = text.plist.xml; path = Info.plist; sourceTree = "<group>"; };
/* End PBXFileReference section */

/* Begin PBXFrameworksBuildPhase section */
		ADD72A1826C2370000D19482 /* Frameworks */ = {
			isa = PBXFrameworksBuildPhase;
			buildActionMask = 2147483647;
			files = (
			);
			runOnlyForDeploymentPostprocessing = 0;
		};
		ADD72A2E26C2370500D19482 /* Frameworks */ = {
			isa = PBXFrameworksBuildPhase;
			buildActionMask = 2147483647;
			files = (
			);
			runOnlyForDeploymentPostprocessing = 0;
		};
		ADD72A3926C2370500D19482 /* Frameworks */ = {
			isa = PBXFrameworksBuildPhase;
			buildActionMask = 2147483647;
			files = (
			);
			runOnlyForDeploymentPostprocessing = 0;
		};
/* End PBXFrameworksBuildPhase section */

/* Begin PBXGroup section */
		ADD72A1226C2370000D19482 = {
			isa = PBXGroup;
			children = (
				ADD72A1D26C2370000D19482 /* TextFieldTester */,
				ADD72A3426C2370500D19482 /* TextFieldTesterTests */,
				ADD72A3F26C2370500D19482 /* TextFieldTesterUITests */,
				ADD72A1C26C2370000D19482 /* Products */,
			);
			sourceTree = "<group>";
		};
		ADD72A1C26C2370000D19482 /* Products */ = {
			isa = PBXGroup;
			children = (
				ADD72A1B26C2370000D19482 /* TextFieldTester.app */,
				ADD72A3126C2370500D19482 /* TextFieldTesterTests.xctest */,
				ADD72A3C26C2370500D19482 /* TextFieldTesterUITests.xctest */,
			);
			name = Products;
			sourceTree = "<group>";
		};
		ADD72A1D26C2370000D19482 /* TextFieldTester */ = {
			isa = PBXGroup;
			children = (
				ADD72A2C26C2370400D19482 /* Info.plist */,
				ADD72A1E26C2370000D19482 /* AppDelegate.swift */,
				ADD72A2026C2370000D19482 /* SceneDelegate.swift */,
				ADD72A2226C2370000D19482 /* ViewController.swift */,
				ADD72A2726C2370400D19482 /* Assets.xcassets */,
				ADD72A2926C2370400D19482 /* LaunchScreen.storyboard */,
				ADD72A2426C2370000D19482 /* Main.storyboard */,
			);
			path = TextFieldTester;
			sourceTree = "<group>";
		};
		ADD72A3426C2370500D19482 /* TextFieldTesterTests */ = {
			isa = PBXGroup;
			children = (
				ADD72A3526C2370500D19482 /* TextFieldTesterTests.swift */,
				ADD72A3726C2370500D19482 /* Info.plist */,
			);
			path = TextFieldTesterTests;
			sourceTree = "<group>";
		};
		ADD72A3F26C2370500D19482 /* TextFieldTesterUITests */ = {
			isa = PBXGroup;
			children = (
				ADD72A4026C2370500D19482 /* TextFieldTesterUITests.swift */,
				ADD72A4226C2370500D19482 /* Info.plist */,
			);
			path = TextFieldTesterUITests;
			sourceTree = "<group>";
		};
/* End PBXGroup section */

/* Begin PBXNativeTarget section */
		ADD72A1A26C2370000D19482 /* TextFieldTester */ = {
			isa = PBXNativeTarget;
			buildConfigurationList = ADD72A4526C2370500D19482 /* Build configuration list for PBXNativeTarget "TextFieldTester" */;
			buildPhases = (
				ADD72A1726C2370000D19482 /* Sources */,
				ADD72A1826C2370000D19482 /* Frameworks */,
				ADD72A1926C2370000D19482 /* Resources */,
			);
			buildRules = (
			);
			dependencies = (
			);
			name = TextFieldTester;
			productName = TextFieldTester;
			productReference = ADD72A1B26C2370000D19482 /* TextFieldTester.app */;
			productType = "com.apple.product-type.application";
		};
		ADD72A3026C2370500D19482 /* TextFieldTesterTests */ = {
			isa = PBXNativeTarget;
			buildConfigurationList = ADD72A4826C2370500D19482 /* Build configuration list for PBXNativeTarget "TextFieldTesterTests" */;
			buildPhases = (
				ADD72A2D26C2370500D19482 /* Sources */,
				ADD72A2E26C2370500D19482 /* Frameworks */,
				ADD72A2F26C2370500D19482 /* Resources */,
			);
			buildRules = (
			);
			dependencies = (
				ADD72A3326C2370500D19482 /* PBXTargetDependency */,
			);
			name = TextFieldTesterTests;
			productName = TextFieldTesterTests;
			productReference = ADD72A3126C2370500D19482 /* TextFieldTesterTests.xctest */;
			productType = "com.apple.product-type.bundle.unit-test";
		};
		ADD72A3B26C2370500D19482 /* TextFieldTesterUITests */ = {
			isa = PBXNativeTarget;
			buildConfigurationList = ADD72A4B26C2370500D19482 /* Build configuration list for PBXNativeTarget "TextFieldTesterUITests" */;
			buildPhases = (
				ADD72A3826C2370500D19482 /* Sources */,
				ADD72A3926C2370500D19482 /* Frameworks */,
				ADD72A3A26C2370500D19482 /* Resources */,
			);
			buildRules = (
			);
			dependencies = (
				ADD72A3E26C2370500D19482 /* PBXTargetDependency */,
			);
			name = TextFieldTesterUITests;
			productName = TextFieldTesterUITests;
			productReference = ADD72A3C26C2370500D19482 /* TextFieldTesterUITests.xctest */;
			productType = "com.apple.product-type.bundle.ui-testing";
		};
/* End PBXNativeTarget section */

/* Begin PBXProject section */
		ADD72A1326C2370000D19482 /* Project object */ = {
			isa = PBXProject;
			attributes = {
				LastSwiftUpdateCheck = 1250;
				LastUpgradeCheck = 1250;
				TargetAttributes = {
					ADD72A1A26C2370000D19482 = {
						CreatedOnToolsVersion = 12.5.1;
					};
					ADD72A3026C2370500D19482 = {
						CreatedOnToolsVersion = 12.5.1;
						TestTargetID = ADD72A1A26C2370000D19482;
					};
					ADD72A3B26C2370500D19482 = {
						CreatedOnToolsVersion = 12.5.1;
						TestTargetID = ADD72A1A26C2370000D19482;
					};
				};
			};
			buildConfigurationList = ADD72A1626C2370000D19482 /* Build configuration list for PBXProject "TextFieldTester" */;
			compatibilityVersion = "Xcode 9.3";
			developmentRegion = en;
			hasScannedForEncodings = 0;
			knownRegions = (
				en,
				Base,
			);
			mainGroup = ADD72A1226C2370000D19482;
			productRefGroup = ADD72A1C26C2370000D19482 /* Products */;
			projectDirPath = "";
			projectRoot = "";
			targets = (
				ADD72A1A26C2370000D19482 /* TextFieldTester */,
				ADD72A3026C2370500D19482 /* TextFieldTesterTests */,
				ADD72A3B26C2370500D19482 /* TextFieldTesterUITests */,
			);
		};
/* End PBXProject section */

/* Begin PBXResourcesBuildPhase section */
		ADD72A1926C2370000D19482 /* Resources */ = {
			isa = PBXResourcesBuildPhase;
			buildActionMask = 2147483647;
			files = (
				ADD72A2B26C2370400D19482 /* LaunchScreen.storyboard in Resources */,
				ADD72A2826C2370400D19482 /* Assets.xcassets in Resources */,
				ADD72A2626C2370000D19482 /* Main.storyboard in Resources */,
			);
			runOnlyForDeploymentPostprocessing = 0;
		};
		ADD72A2F26C2370500D19482 /* Resources */ = {
			isa = PBXResourcesBuildPhase;
			buildActionMask = 2147483647;
			files = (
			);
			runOnlyForDeploymentPostprocessing = 0;
		};
		ADD72A3A26C2370500D19482 /* Resources */ = {
			isa = PBXResourcesBuildPhase;
			buildActionMask = 2147483647;
			files = (
			);
			runOnlyForDeploymentPostprocessing = 0;
		};
/* End PBXResourcesBuildPhase section */

/* Begin PBXSourcesBuildPhase section */
		ADD72A1726C2370000D19482 /* Sources */ = {
			isa = PBXSourcesBuildPhase;
			buildActionMask = 2147483647;
			files = (
				ADD72A2326C2370000D19482 /* ViewController.swift in Sources */,
				ADD72A1F26C2370000D19482 /* AppDelegate.swift in Sources */,
				ADD72A2126C2370000D19482 /* SceneDelegate.swift in Sources */,
			);
			runOnlyForDeploymentPostprocessing = 0;
		};
		ADD72A2D26C2370500D19482 /* Sources */ = {
			isa = PBXSourcesBuildPhase;
			buildActionMask = 2147483647;
			files = (
				ADD72A3626C2370500D19482 /* TextFieldTesterTests.swift in Sources */,
			);
			runOnlyForDeploymentPostprocessing = 0;
		};
		ADD72A3826C2370500D19482 /* Sources */ = {
			isa = PBXSourcesBuildPhase;
			buildActionMask = 2147483647;
			files = (
				ADD72A4126C2370500D19482 /* TextFieldTesterUITests.swift in Sources */,
			);
			runOnlyForDeploymentPostprocessing = 0;
		};
/* End PBXSourcesBuildPhase section */

/* Begin PBXTargetDependency section */
		ADD72A3326C2370500D19482 /* PBXTargetDependency */ = {
			isa = PBXTargetDependency;
			target = ADD72A1A26C2370000D19482 /* TextFieldTester */;
			targetProxy = ADD72A3226C2370500D19482 /* PBXContainerItemProxy */;
		};
		ADD72A3E26C2370500D19482 /* PBXTargetDependency */ = {
			isa = PBXTargetDependency;
			target = ADD72A1A26C2370000D19482 /* TextFieldTester */;
			targetProxy = ADD72A3D26C2370500D19482 /* PBXContainerItemProxy */;
		};
/* End PBXTargetDependency section */

/* Begin PBXVariantGroup section */
		ADD72A2426C2370000D19482 /* Main.storyboard */ = {
			isa = PBXVariantGroup;
			children = (
				ADD72A2526C2370000D19482 /* Base */,
			);
			name = Main.storyboard;
			sourceTree = "<group>";
		};
		ADD72A2926C2370400D19482 /* LaunchScreen.storyboard */ = {
			isa = PBXVariantGroup;
			children = (
				ADD72A2A26C2370400D19482 /* Base */,
			);
			name = LaunchScreen.storyboard;
			sourceTree = "<group>";
		};
/* End PBXVariantGroup section */

/* Begin XCBuildConfiguration section */
		ADD72A4326C2370500D19482 /* Debug */ = {
			isa = XCBuildConfiguration;
			buildSettings = {
				ALWAYS_SEARCH_USER_PATHS = NO;
				CLANG_ANALYZER_NONNULL = YES;
				CLANG_ANALYZER_NUMBER_OBJECT_CONVERSION = YES_AGGRESSIVE;
				CLANG_CXX_LANGUAGE_STANDARD = "gnu++14";
				CLANG_CXX_LIBRARY = "libc++";
				CLANG_ENABLE_MODULES = YES;
				CLANG_ENABLE_OBJC_ARC = YES;
				CLANG_ENABLE_OBJC_WEAK = YES;
				CLANG_WARN_BLOCK_CAPTURE_AUTORELEASING = YES;
				CLANG_WARN_BOOL_CONVERSION = YES;
				CLANG_WARN_COMMA = YES;
				CLANG_WARN_CONSTANT_CONVERSION = YES;
				CLANG_WARN_DEPRECATED_OBJC_IMPLEMENTATIONS = YES;
				CLANG_WARN_DIRECT_OBJC_ISA_USAGE = YES_ERROR;
				CLANG_WARN_DOCUMENTATION_COMMENTS = YES;
				CLANG_WARN_EMPTY_BODY = YES;
				CLANG_WARN_ENUM_CONVERSION = YES;
				CLANG_WARN_INFINITE_RECURSION = YES;
				CLANG_WARN_INT_CONVERSION = YES;
				CLANG_WARN_NON_LITERAL_NULL_CONVERSION = YES;
				CLANG_WARN_OBJC_IMPLICIT_RETAIN_SELF = YES;
				CLANG_WARN_OBJC_LITERAL_CONVERSION = YES;
				CLANG_WARN_OBJC_ROOT_CLASS = YES_ERROR;
				CLANG_WARN_QUOTED_INCLUDE_IN_FRAMEWORK_HEADER = YES;
				CLANG_WARN_RANGE_LOOP_ANALYSIS = YES;
				CLANG_WARN_STRICT_PROTOTYPES = YES;
				CLANG_WARN_SUSPICIOUS_MOVE = YES;
				CLANG_WARN_UNGUARDED_AVAILABILITY = YES_AGGRESSIVE;
				CLANG_WARN_UNREACHABLE_CODE = YES;
				CLANG_WARN__DUPLICATE_METHOD_MATCH = YES;
				COPY_PHASE_STRIP = NO;
				DEBUG_INFORMATION_FORMAT = dwarf;
				ENABLE_STRICT_OBJC_MSGSEND = YES;
				ENABLE_TESTABILITY = YES;
				GCC_C_LANGUAGE_STANDARD = gnu11;
				GCC_DYNAMIC_NO_PIC = NO;
				GCC_NO_COMMON_BLOCKS = YES;
				GCC_OPTIMIZATION_LEVEL = 0;
				GCC_PREPROCESSOR_DEFINITIONS = (
					"DEBUG=1",
					"$(inherited)",
				);
				GCC_WARN_64_TO_32_BIT_CONVERSION = YES;
				GCC_WARN_ABOUT_RETURN_TYPE = YES_ERROR;
				GCC_WARN_UNDECLARED_SELECTOR = YES;
				GCC_WARN_UNINITIALIZED_AUTOS = YES_AGGRESSIVE;
				GCC_WARN_UNUSED_FUNCTION = YES;
				GCC_WARN_UNUSED_VARIABLE = YES;
				IPHONEOS_DEPLOYMENT_TARGET = 14.5;
				MTL_ENABLE_DEBUG_INFO = INCLUDE_SOURCE;
				MTL_FAST_MATH = YES;
				ONLY_ACTIVE_ARCH = YES;
				SDKROOT = iphoneos;
				SWIFT_ACTIVE_COMPILATION_CONDITIONS = DEBUG;
				SWIFT_OPTIMIZATION_LEVEL = "-Onone";
			};
			name = Debug;
		};
		ADD72A4426C2370500D19482 /* Release */ = {
			isa = XCBuildConfiguration;
			buildSettings = {
				ALWAYS_SEARCH_USER_PATHS = NO;
				CLANG_ANALYZER_NONNULL = YES;
				CLANG_ANALYZER_NUMBER_OBJECT_CONVERSION = YES_AGGRESSIVE;
				CLANG_CXX_LANGUAGE_STANDARD = "gnu++14";
				CLANG_CXX_LIBRARY = "libc++";
				CLANG_ENABLE_MODULES = YES;
				CLANG_ENABLE_OBJC_ARC = YES;
				CLANG_ENABLE_OBJC_WEAK = YES;
				CLANG_WARN_BLOCK_CAPTURE_AUTORELEASING = YES;
				CLANG_WARN_BOOL_CONVERSION = YES;
				CLANG_WARN_COMMA = YES;
				CLANG_WARN_CONSTANT_CONVERSION = YES;
				CLANG_WARN_DEPRECATED_OBJC_IMPLEMENTATIONS = YES;
				CLANG_WARN_DIRECT_OBJC_ISA_USAGE = YES_ERROR;
				CLANG_WARN_DOCUMENTATION_COMMENTS = YES;
				CLANG_WARN_EMPTY_BODY = YES;
				CLANG_WARN_ENUM_CONVERSION = YES;
				CLANG_WARN_INFINITE_RECURSION = YES;
				CLANG_WARN_INT_CONVERSION = YES;
				CLANG_WARN_NON_LITERAL_NULL_CONVERSION = YES;
				CLANG_WARN_OBJC_IMPLICIT_RETAIN_SELF = YES;
				CLANG_WARN_OBJC_LITERAL_CONVERSION = YES;
				CLANG_WARN_OBJC_ROOT_CLASS = YES_ERROR;
				CLANG_WARN_QUOTED_INCLUDE_IN_FRAMEWORK_HEADER = YES;
				CLANG_WARN_RANGE_LOOP_ANALYSIS = YES;
				CLANG_WARN_STRICT_PROTOTYPES = YES;
				CLANG_WARN_SUSPICIOUS_MOVE = YES;
				CLANG_WARN_UNGUARDED_AVAILABILITY = YES_AGGRESSIVE;
				CLANG_WARN_UNREACHABLE_CODE = YES;
				CLANG_WARN__DUPLICATE_METHOD_MATCH = YES;
				COPY_PHASE_STRIP = NO;
				DEBUG_INFORMATION_FORMAT = "dwarf-with-dsym";
				ENABLE_NS_ASSERTIONS = NO;
				ENABLE_STRICT_OBJC_MSGSEND = YES;
				GCC_C_LANGUAGE_STANDARD = gnu11;
				GCC_NO_COMMON_BLOCKS = YES;
				GCC_WARN_64_TO_32_BIT_CONVERSION = YES;
				GCC_WARN_ABOUT_RETURN_TYPE = YES_ERROR;
				GCC_WARN_UNDECLARED_SELECTOR = YES;
				GCC_WARN_UNINITIALIZED_AUTOS = YES_AGGRESSIVE;
				GCC_WARN_UNUSED_FUNCTION = YES;
				GCC_WARN_UNUSED_VARIABLE = YES;
				IPHONEOS_DEPLOYMENT_TARGET = 14.5;
				MTL_ENABLE_DEBUG_INFO = NO;
				MTL_FAST_MATH = YES;
				SDKROOT = iphoneos;
				SWIFT_COMPILATION_MODE = wholemodule;
				SWIFT_OPTIMIZATION_LEVEL = "-O";
				VALIDATE_PRODUCT = YES;
			};
			name = Release;
		};
		ADD72A4626C2370500D19482 /* Debug */ = {
			isa = XCBuildConfiguration;
			buildSettings = {
				ASSETCATALOG_COMPILER_APPICON_NAME = AppIcon;
				ASSETCATALOG_COMPILER_GLOBAL_ACCENT_COLOR_NAME = AccentColor;
				CODE_SIGN_STYLE = Automatic;
				DEVELOPMENT_TEAM = 3MY7LL9G36;
				INFOPLIST_FILE = TextFieldTester/Info.plist;
				LD_RUNPATH_SEARCH_PATHS = (
					"$(inherited)",
					"@executable_path/Frameworks",
				);
				PRODUCT_BUNDLE_IDENTIFIER = net.poikilecreations.TextFieldTester;
				PRODUCT_NAME = "$(TARGET_NAME)";
				SWIFT_VERSION = 5.0;
				TARGETED_DEVICE_FAMILY = "1,2";
			};
			name = Debug;
		};
		ADD72A4726C2370500D19482 /* Release */ = {
			isa = XCBuildConfiguration;
			buildSettings = {
				ASSETCATALOG_COMPILER_APPICON_NAME = AppIcon;
				ASSETCATALOG_COMPILER_GLOBAL_ACCENT_COLOR_NAME = AccentColor;
				CODE_SIGN_STYLE = Automatic;
				DEVELOPMENT_TEAM = 3MY7LL9G36;
				INFOPLIST_FILE = TextFieldTester/Info.plist;
				LD_RUNPATH_SEARCH_PATHS = (
					"$(inherited)",
					"@executable_path/Frameworks",
				);
				PRODUCT_BUNDLE_IDENTIFIER = net.poikilecreations.TextFieldTester;
				PRODUCT_NAME = "$(TARGET_NAME)";
				SWIFT_VERSION = 5.0;
				TARGETED_DEVICE_FAMILY = "1,2";
			};
			name = Release;
		};
		ADD72A4926C2370500D19482 /* Debug */ = {
			isa = XCBuildConfiguration;
			buildSettings = {
				ALWAYS_EMBED_SWIFT_STANDARD_LIBRARIES = YES;
				BUNDLE_LOADER = "$(TEST_HOST)";
				CODE_SIGN_STYLE = Automatic;
				DEVELOPMENT_TEAM = 3MY7LL9G36;
				INFOPLIST_FILE = TextFieldTesterTests/Info.plist;
				IPHONEOS_DEPLOYMENT_TARGET = 14.5;
				LD_RUNPATH_SEARCH_PATHS = (
					"$(inherited)",
					"@executable_path/Frameworks",
					"@loader_path/Frameworks",
				);
				PRODUCT_BUNDLE_IDENTIFIER = net.poikilecreations.TextFieldTesterTests;
				PRODUCT_NAME = "$(TARGET_NAME)";
				SWIFT_VERSION = 5.0;
				TARGETED_DEVICE_FAMILY = "1,2";
				TEST_HOST = "$(BUILT_PRODUCTS_DIR)/TextFieldTester.app/TextFieldTester";
			};
			name = Debug;
		};
		ADD72A4A26C2370500D19482 /* Release */ = {
			isa = XCBuildConfiguration;
			buildSettings = {
				ALWAYS_EMBED_SWIFT_STANDARD_LIBRARIES = YES;
				BUNDLE_LOADER = "$(TEST_HOST)";
				CODE_SIGN_STYLE = Automatic;
				DEVELOPMENT_TEAM = 3MY7LL9G36;
				INFOPLIST_FILE = TextFieldTesterTests/Info.plist;
				IPHONEOS_DEPLOYMENT_TARGET = 14.5;
				LD_RUNPATH_SEARCH_PATHS = (
					"$(inherited)",
					"@executable_path/Frameworks",
					"@loader_path/Frameworks",
				);
				PRODUCT_BUNDLE_IDENTIFIER = net.poikilecreations.TextFieldTesterTests;
				PRODUCT_NAME = "$(TARGET_NAME)";
				SWIFT_VERSION = 5.0;
				TARGETED_DEVICE_FAMILY = "1,2";
				TEST_HOST = "$(BUILT_PRODUCTS_DIR)/TextFieldTester.app/TextFieldTester";
			};
			name = Release;
		};
		ADD72A4C26C2370500D19482 /* Debug */ = {
			isa = XCBuildConfiguration;
			buildSettings = {
				ALWAYS_EMBED_SWIFT_STANDARD_LIBRARIES = YES;
				CODE_SIGN_STYLE = Automatic;
				DEVELOPMENT_TEAM = 3MY7LL9G36;
				INFOPLIST_FILE = TextFieldTesterUITests/Info.plist;
				LD_RUNPATH_SEARCH_PATHS = (
					"$(inherited)",
					"@executable_path/Frameworks",
					"@loader_path/Frameworks",
				);
				PRODUCT_BUNDLE_IDENTIFIER = net.poikilecreations.TextFieldTesterUITests;
				PRODUCT_NAME = "$(TARGET_NAME)";
				SWIFT_VERSION = 5.0;
				TARGETED_DEVICE_FAMILY = "1,2";
				TEST_TARGET_NAME = TextFieldTester;
			};
			name = Debug;
		};
		ADD72A4D26C2370500D19482 /* Release */ = {
			isa = XCBuildConfiguration;
			buildSettings = {
				ALWAYS_EMBED_SWIFT_STANDARD_LIBRARIES = YES;
				CODE_SIGN_STYLE = Automatic;
				DEVELOPMENT_TEAM = 3MY7LL9G36;
				INFOPLIST_FILE = TextFieldTesterUITests/Info.plist;
				LD_RUNPATH_SEARCH_PATHS = (
					"$(inherited)",
					"@executable_path/Frameworks",
					"@loader_path/Frameworks",
				);
				PRODUCT_BUNDLE_IDENTIFIER = net.poikilecreations.TextFieldTesterUITests;
				PRODUCT_NAME = "$(TARGET_NAME)";
				SWIFT_VERSION = 5.0;
				TARGETED_DEVICE_FAMILY = "1,2";
				TEST_TARGET_NAME = TextFieldTester;
			};
			name = Release;
		};
/* End XCBuildConfiguration section */

/* Begin XCConfigurationList section */
		ADD72A1626C2370000D19482 /* Build configuration list for PBXProject "TextFieldTester" */ = {
			isa = XCConfigurationList;
			buildConfigurations = (
				ADD72A4326C2370500D19482 /* Debug */,
				ADD72A4426C2370500D19482 /* Release */,
			);
			defaultConfigurationIsVisible = 0;
			defaultConfigurationName = Release;
		};
		ADD72A4526C2370500D19482 /* Build configuration list for PBXNativeTarget "TextFieldTester" */ = {
			isa = XCConfigurationList;
			buildConfigurations = (
				ADD72A4626C2370500D19482 /* Debug */,
				ADD72A4726C2370500D19482 /* Release */,
			);
			defaultConfigurationIsVisible = 0;
			defaultConfigurationName = Release;
		};
		ADD72A4826C2370500D19482 /* Build configuration list for PBXNativeTarget "TextFieldTesterTests" */ = {
			isa = XCConfigurationList;
			buildConfigurations = (
				ADD72A4926C2370500D19482 /* Debug */,
				ADD72A4A26C2370500D19482 /* Release */,
			);
			defaultConfigurationIsVisible = 0;
			defaultConfigurationName = Release;
		};
		ADD72A4B26C2370500D19482 /* Build configuration list for PBXNativeTarget "TextFieldTesterUITests" */ = {
			isa = XCConfigurationList;
			buildConfigurations = (
				ADD72A4C26C2370500D19482 /* Debug */,
				ADD72A4D26C2370500D19482 /* Release */,
			);
			defaultConfigurationIsVisible = 0;
			defaultConfigurationName = Release;
		};
/* End XCConfigurationList section */
	};
	rootObject = ADD72A1326C2370000D19482 /* Project object */;
}
